
Microsoft Visual Studio Solution File, Format Version 12.00
# Visual Studio Version 16
VisualStudioVersion = 16.0.29123.88
MinimumVisualStudioVersion = 10.0.40219.1
Project("{9A19103F-16F7-4668-BE54-9A1E7A4F7556}") = "Core.MainDemo", "Core.MainDemo\Core.MainDemo.csproj", "{715B7026-4B12-4335-899C-1E23E5E73C45}"
EndProject
Project("{FAE04EC0-301F-11D3-BF4B-00C04F79EFBC}") = "Core.Interface", "Core.Interface\Core.Interface.csproj", "{7B2FF2BA-61B5-432B-A11B-B1A6DADCA9D6}"
EndProject
Project("{FAE04EC0-301F-11D3-BF4B-00C04F79EFBC}") = "Core.Service", "Core.Service\Core.Service.csproj", "{FD36CDC2-4EE3-4FBD-A087-81BF507D83DB}"
EndProject
Global
	GlobalSection(SolutionConfigurationPlatforms) = preSolution
		Debug|Any CPU = Debug|Any CPU
		Release|Any CPU = Release|Any CPU
	EndGlobalSection
	GlobalSection(ProjectConfigurationPlatforms) = postSolution
		{715B7026-4B12-4335-899C-1E23E5E73C45}.Debug|Any CPU.ActiveCfg = Debug|Any CPU
		{715B7026-4B12-4335-899C-1E23E5E73C45}.Debug|Any CPU.Build.0 = Debug|Any CPU
		{715B7026-4B12-4335-899C-1E23E5E73C45}.Release|Any CPU.ActiveCfg = Release|Any CPU
		{715B7026-4B12-4335-899C-1E23E5E73C45}.Release|Any CPU.Build.0 = Release|Any CPU
		{7B2FF2BA-61B5-432B-A11B-B1A6DADCA9D6}.Debug|Any CPU.ActiveCfg = Debug|Any CPU
		{7B2FF2BA-61B5-432B-A11B-B1A6DADCA9D6}.Debug|Any CPU.Build.0 = Debug|Any CPU
		{7B2FF2BA-61B5-432B-A11B-B1A6DADCA9D6}.Release|Any CPU.ActiveCfg = Release|Any CPU
		{7B2FF2BA-61B5-432B-A11B-B1A6DADCA9D6}.Release|Any CPU.Build.0 = Release|Any CPU
		{FD36CDC2-4EE3-4FBD-A087-81BF507D83DB}.Debug|Any CPU.ActiveCfg = Debug|Any CPU
		{FD36CDC2-4EE3-4FBD-A087-81BF507D83DB}.Debug|Any CPU.Build.0 = Debug|Any CPU
		{FD36CDC2-4EE3-4FBD-A087-81BF507D83DB}.Release|Any CPU.ActiveCfg = Release|Any CPU
		{FD36CDC2-4EE3-4FBD-A087-81BF507D83DB}.Release|Any CPU.Build.0 = Release|Any CPU
	EndGlobalSection
	GlobalSection(SolutionProperties) = preSolution
		HideSolutionNode = FALSE
	EndGlobalSection
	GlobalSection(ExtensibilityGlobals) = postSolution
		SolutionGuid = {9E5F822F-9891-449B-8541-43306799B7D9}
	EndGlobalSection
EndGlobal
